
Microsoft Visual Studio Solution File, Format Version 12.00
# Visual Studio Version 16
VisualStudioVersion = 16.0.30225.117
MinimumVisualStudioVersion = 10.0.40219.1
Project("{FAE04EC0-301F-11D3-BF4B-00C04F79EFBC}") = "MVCKUTUPHANE", "MVCKUTUPHANE\MVCKUTUPHANE.csproj", "{655A9DF9-436C-4653-A8E3-1D6C1EE0897F}"
EndProject
Global
	GlobalSection(SolutionConfigurationPlatforms) = preSolution
		Debug|Any CPU = Debug|Any CPU
		Release|Any CPU = Release|Any CPU
	EndGlobalSection
	GlobalSection(ProjectConfigurationPlatforms) = postSolution
		{655A9DF9-436C-4653-A8E3-1D6C1EE0897F}.Debug|Any CPU.ActiveCfg = Debug|Any CPU
		{655A9DF9-436C-4653-A8E3-1D6C1EE0897F}.Debug|Any CPU.Build.0 = Debug|Any CPU
		{655A9DF9-436C-4653-A8E3-1D6C1EE0897F}.Release|Any CPU.ActiveCfg = Release|Any CPU
		{655A9DF9-436C-4653-A8E3-1D6C1EE0897F}.Release|Any CPU.Build.0 = Release|Any CPU
	EndGlobalSection
	GlobalSection(SolutionProperties) = preSolution
		HideSolutionNode = FALSE
	EndGlobalSection
	GlobalSection(ExtensibilityGlobals) = postSolution
		SolutionGuid = {254ED754-E521-4074-9083-9BE3C9DBC9F7}
	EndGlobalSection
EndGlobal
